
Microsoft Visual Studio Solution File, Format Version 10.00
# Visual C++ Express 2008
Project("{8BC9CEB8-8B4A-11D0-8D11-00A0C91BC942}") = "ClientModule", "ClientModule\ClientModule.vcproj", "{56DDBBA2-58FB-467D-8923-A214B16649F5}"
EndProject
Global
	GlobalSection(SolutionConfigurationPlatforms) = preSolution
		Debug|Win32 = Debug|Win32
		Release|Win32 = Release|Win32
	EndGlobalSection
	GlobalSection(ProjectConfigurationPlatforms) = postSolution
		{56DDBBA2-58FB-467D-8923-A214B16649F5}.Debug|Win32.ActiveCfg = Release|Win32
		{56DDBBA2-58FB-467D-8923-A214B16649F5}.Debug|Win32.Build.0 = Release|Win32
		{56DDBBA2-58FB-467D-8923-A214B16649F5}.Release|Win32.ActiveCfg = Release|Win32
		{56DDBBA2-58FB-467D-8923-A214B16649F5}.Release|Win32.Build.0 = Release|Win32
	EndGlobalSection
	GlobalSection(SolutionProperties) = preSolution
		HideSolutionNode = FALSE
	EndGlobalSection
EndGlobal
